// !$*UTF8*$!
{
	archiveVersion = 1;
	classes = {
	};
	objectVersion = 56;
	objects = {

/* Begin PBXBuildFile section */
		00BC8CA72CD4C77200AD64B0 /* HQRecordManagerApp.swift in Sources */ = {isa = PBXBuildFile; fileRef = 00BC8CA62CD4C77200AD64B0 /* HQRecordManagerApp.swift */; };
		00BC8CA92CD4C77200AD64B0 /* ContentView.swift in Sources */ = {isa = PBXBuildFile; fileRef = 00BC8CA82CD4C77200AD64B0 /* ContentView.swift */; };
		00BC8CAB2CD4C77600AD64B0 /* Assets.xcassets in Resources */ = {isa = PBXBuildFile; fileRef = 00BC8CAA2CD4C77600AD64B0 /* Assets.xcassets */; };
		00BC8CAE2CD4C77600AD64B0 /* Preview Assets.xcassets in Resources */ = {isa = PBXBuildFile; fileRef = 00BC8CAD2CD4C77600AD64B0 /* Preview Assets.xcassets */; };
		00BC8CB82CD4C77600AD64B0 /* HQRecordManagerTests.swift in Sources */ = {isa = PBXBuildFile; fileRef = 00BC8CB72CD4C77600AD64B0 /* HQRecordManagerTests.swift */; };
		00BC8CC22CD4C77600AD64B0 /* HQRecordManagerUITests.swift in Sources */ = {isa = PBXBuildFile; fileRef = 00BC8CC12CD4C77600AD64B0 /* HQRecordManagerUITests.swift */; };
		00BC8CC42CD4C77600AD64B0 /* HQRecordManagerUITestsLaunchTests.swift in Sources */ = {isa = PBXBuildFile; fileRef = 00BC8CC32CD4C77600AD64B0 /* HQRecordManagerUITestsLaunchTests.swift */; };
		00BC8CD12CD4C88400AD64B0 /* HQRecordManager.swift in Sources */ = {isa = PBXBuildFile; fileRef = 00BC8CD02CD4C88400AD64B0 /* HQRecordManager.swift */; };
		00BC8CD32CD4C99100AD64B0 /* HQFileManager.swift in Sources */ = {isa = PBXBuildFile; fileRef = 00BC8CD22CD4C99100AD64B0 /* HQFileManager.swift */; };
/* End PBXBuildFile section */

/* Begin PBXContainerItemProxy section */
		00BC8CB42CD4C77600AD64B0 /* PBXContainerItemProxy */ = {
			isa = PBXContainerItemProxy;
			containerPortal = 00BC8C9B2CD4C77200AD64B0 /* Project object */;
			proxyType = 1;
			remoteGlobalIDString = 00BC8CA22CD4C77200AD64B0;
			remoteInfo = HQRecordManager;
		};
		00BC8CBE2CD4C77600AD64B0 /* PBXContainerItemProxy */ = {
			isa = PBXContainerItemProxy;
			containerPortal = 00BC8C9B2CD4C77200AD64B0 /* Project object */;
			proxyType = 1;
			remoteGlobalIDString = 00BC8CA22CD4C77200AD64B0;
			remoteInfo = HQRecordManager;
		};
/* End PBXContainerItemProxy section */

/* Begin PBXFileReference section */
		00BC8CA32CD4C77200AD64B0 /* HQRecordManager.app */ = {isa = PBXFileReference; explicitFileType = wrapper.application; includeInIndex = 0; path = HQRecordManager.app; sourceTree = BUILT_PRODUCTS_DIR; };
		00BC8CA62CD4C77200AD64B0 /* HQRecordManagerApp.swift */ = {isa = PBXFileReference; lastKnownFileType = sourcecode.swift; path = HQRecordManagerApp.swift; sourceTree = "<group>"; };
		00BC8CA82CD4C77200AD64B0 /* ContentView.swift */ = {isa = PBXFileReference; lastKnownFileType = sourcecode.swift; path = ContentView.swift; sourceTree = "<group>"; };
		00BC8CAA2CD4C77600AD64B0 /* Assets.xcassets */ = {isa = PBXFileReference; lastKnownFileType = folder.assetcatalog; path = Assets.xcassets; sourceTree = "<group>"; };
		00BC8CAD2CD4C77600AD64B0 /* Preview Assets.xcassets */ = {isa = PBXFileReference; lastKnownFileType = folder.assetcatalog; path = "Preview Assets.xcassets"; sourceTree = "<group>"; };
		00BC8CB32CD4C77600AD64B0 /* HQRecordManagerTests.xctest */ = {isa = PBXFileReference; explicitFileType = wrapper.cfbundle; includeInIndex = 0; path = HQRecordManagerTests.xctest; sourceTree = BUILT_PRODUCTS_DIR; };
		00BC8CB72CD4C77600AD64B0 /* HQRecordManagerTests.swift */ = {isa = PBXFileReference; lastKnownFileType = sourcecode.swift; path = HQRecordManagerTests.swift; sourceTree = "<group>"; };
		00BC8CBD2CD4C77600AD64B0 /* HQRecordManagerUITests.xctest */ = {isa = PBXFileReference; explicitFileType = wrapper.cfbundle; includeInIndex = 0; path = HQRecordManagerUITests.xctest; sourceTree = BUILT_PRODUCTS_DIR; };
		00BC8CC12CD4C77600AD64B0 /* HQRecordManagerUITests.swift */ = {isa = PBXFileReference; lastKnownFileType = sourcecode.swift; path = HQRecordManagerUITests.swift; sourceTree = "<group>"; };
		00BC8CC32CD4C77600AD64B0 /* HQRecordManagerUITestsLaunchTests.swift */ = {isa = PBXFileReference; lastKnownFileType = sourcecode.swift; path = HQRecordManagerUITestsLaunchTests.swift; sourceTree = "<group>"; };
		00BC8CD02CD4C88400AD64B0 /* HQRecordManager.swift */ = {isa = PBXFileReference; lastKnownFileType = sourcecode.swift; path = HQRecordManager.swift; sourceTree = "<group>"; };
		00BC8CD22CD4C99100AD64B0 /* HQFileManager.swift */ = {isa = PBXFileReference; lastKnownFileType = sourcecode.swift; path = HQFileManager.swift; sourceTree = "<group>"; };
/* End PBXFileReference section */

/* Begin PBXFrameworksBuildPhase section */
		00BC8CA02CD4C77200AD64B0 /* Frameworks */ = {
			isa = PBXFrameworksBuildPhase;
			buildActionMask = 2147483647;
			files = (
			);
			runOnlyForDeploymentPostprocessing = 0;
		};
		00BC8CB02CD4C77600AD64B0 /* Frameworks */ = {
			isa = PBXFrameworksBuildPhase;
			buildActionMask = 2147483647;
			files = (
			);
			runOnlyForDeploymentPostprocessing = 0;
		};
		00BC8CBA2CD4C77600AD64B0 /* Frameworks */ = {
			isa = PBXFrameworksBuildPhase;
			buildActionMask = 2147483647;
			files = (
			);
			runOnlyForDeploymentPostprocessing = 0;
		};
/* End PBXFrameworksBuildPhase section */

/* Begin PBXGroup section */
		00BC8C9A2CD4C77200AD64B0 = {
			isa = PBXGroup;
			children = (
				00BC8CA52CD4C77200AD64B0 /* HQRecordManager */,
				00BC8CB62CD4C77600AD64B0 /* HQRecordManagerTests */,
				00BC8CC02CD4C77600AD64B0 /* HQRecordManagerUITests */,
				00BC8CA42CD4C77200AD64B0 /* Products */,
			);
			sourceTree = "<group>";
		};
		00BC8CA42CD4C77200AD64B0 /* Products */ = {
			isa = PBXGroup;
			children = (
				00BC8CA32CD4C77200AD64B0 /* HQRecordManager.app */,
				00BC8CB32CD4C77600AD64B0 /* HQRecordManagerTests.xctest */,
				00BC8CBD2CD4C77600AD64B0 /* HQRecordManagerUITests.xctest */,
			);
			name = Products;
			sourceTree = "<group>";
		};
		00BC8CA52CD4C77200AD64B0 /* HQRecordManager */ = {
			isa = PBXGroup;
			children = (
				00BC8CA62CD4C77200AD64B0 /* HQRecordManagerApp.swift */,
				00BC8CA82CD4C77200AD64B0 /* ContentView.swift */,
				00BC8CD02CD4C88400AD64B0 /* HQRecordManager.swift */,
				00BC8CD22CD4C99100AD64B0 /* HQFileManager.swift */,
				00BC8CAA2CD4C77600AD64B0 /* Assets.xcassets */,
				00BC8CAC2CD4C77600AD64B0 /* Preview Content */,
			);
			path = HQRecordManager;
			sourceTree = "<group>";
		};
		00BC8CAC2CD4C77600AD64B0 /* Preview Content */ = {
			isa = PBXGroup;
			children = (
				00BC8CAD2CD4C77600AD64B0 /* Preview Assets.xcassets */,
			);
			path = "Preview Content";
			sourceTree = "<group>";
		};
		00BC8CB62CD4C77600AD64B0 /* HQRecordManagerTests */ = {
			isa = PBXGroup;
			children = (
				00BC8CB72CD4C77600AD64B0 /* HQRecordManagerTests.swift */,
			);
			path = HQRecordManagerTests;
			sourceTree = "<group>";
		};
		00BC8CC02CD4C77600AD64B0 /* HQRecordManagerUITests */ = {
			isa = PBXGroup;
			children = (
				00BC8CC12CD4C77600AD64B0 /* HQRecordManagerUITests.swift */,
				00BC8CC32CD4C77600AD64B0 /* HQRecordManagerUITestsLaunchTests.swift */,
			);
			path = HQRecordManagerUITests;
			sourceTree = "<group>";
		};
/* End PBXGroup section */

/* Begin PBXNativeTarget section */
		00BC8CA22CD4C77200AD64B0 /* HQRecordManager */ = {
			isa = PBXNativeTarget;
			buildConfigurationList = 00BC8CC72CD4C77600AD64B0 /* Build configuration list for PBXNativeTarget "HQRecordManager" */;
			buildPhases = (
				00BC8C9F2CD4C77200AD64B0 /* Sources */,
				00BC8CA02CD4C77200AD64B0 /* Frameworks */,
				00BC8CA12CD4C77200AD64B0 /* Resources */,
			);
			buildRules = (
			);
			dependencies = (
			);
			name = HQRecordManager;
			productName = HQRecordManager;
			productReference = 00BC8CA32CD4C77200AD64B0 /* HQRecordManager.app */;
			productType = "com.apple.product-type.application";
		};
		00BC8CB22CD4C77600AD64B0 /* HQRecordManagerTests */ = {
			isa = PBXNativeTarget;
			buildConfigurationList = 00BC8CCA2CD4C77600AD64B0 /* Build configuration list for PBXNativeTarget "HQRecordManagerTests" */;
			buildPhases = (
				00BC8CAF2CD4C77600AD64B0 /* Sources */,
				00BC8CB02CD4C77600AD64B0 /* Frameworks */,
				00BC8CB12CD4C77600AD64B0 /* Resources */,
			);
			buildRules = (
			);
			dependencies = (
				00BC8CB52CD4C77600AD64B0 /* PBXTargetDependency */,
			);
			name = HQRecordManagerTests;
			productName = HQRecordManagerTests;
			productReference = 00BC8CB32CD4C77600AD64B0 /* HQRecordManagerTests.xctest */;
			productType = "com.apple.product-type.bundle.unit-test";
		};
		00BC8CBC2CD4C77600AD64B0 /* HQRecordManagerUITests */ = {
			isa = PBXNativeTarget;
			buildConfigurationList = 00BC8CCD2CD4C77600AD64B0 /* Build configuration list for PBXNativeTarget "HQRecordManagerUITests" */;
			buildPhases = (
				00BC8CB92CD4C77600AD64B0 /* Sources */,
				00BC8CBA2CD4C77600AD64B0 /* Frameworks */,
				00BC8CBB2CD4C77600AD64B0 /* Resources */,
			);
			buildRules = (
			);
			dependencies = (
				00BC8CBF2CD4C77600AD64B0 /* PBXTargetDependency */,
			);
			name = HQRecordManagerUITests;
			productName = HQRecordManagerUITests;
			productReference = 00BC8CBD2CD4C77600AD64B0 /* HQRecordManagerUITests.xctest */;
			productType = "com.apple.product-type.bundle.ui-testing";
		};
/* End PBXNativeTarget section */

/* Begin PBXProject section */
		00BC8C9B2CD4C77200AD64B0 /* Project object */ = {
			isa = PBXProject;
			attributes = {
				BuildIndependentTargetsInParallel = 1;
				LastSwiftUpdateCheck = 1420;
				LastUpgradeCheck = 1420;
				TargetAttributes = {
					00BC8CA22CD4C77200AD64B0 = {
						CreatedOnToolsVersion = 14.2;
					};
					00BC8CB22CD4C77600AD64B0 = {
						CreatedOnToolsVersion = 14.2;
						TestTargetID = 00BC8CA22CD4C77200AD64B0;
					};
					00BC8CBC2CD4C77600AD64B0 = {
						CreatedOnToolsVersion = 14.2;
						TestTargetID = 00BC8CA22CD4C77200AD64B0;
					};
				};
			};
			buildConfigurationList = 00BC8C9E2CD4C77200AD64B0 /* Build configuration list for PBXProject "HQRecordManager" */;
			compatibilityVersion = "Xcode 14.0";
			developmentRegion = en;
			hasScannedForEncodings = 0;
			knownRegions = (
				en,
				Base,
			);
			mainGroup = 00BC8C9A2CD4C77200AD64B0;
			productRefGroup = 00BC8CA42CD4C77200AD64B0 /* Products */;
			projectDirPath = "";
			projectRoot = "";
			targets = (
				00BC8CA22CD4C77200AD64B0 /* HQRecordManager */,
				00BC8CB22CD4C77600AD64B0 /* HQRecordManagerTests */,
				00BC8CBC2CD4C77600AD64B0 /* HQRecordManagerUITests */,
			);
		};
/* End PBXProject section */

/* Begin PBXResourcesBuildPhase section */
		00BC8CA12CD4C77200AD64B0 /* Resources */ = {
			isa = PBXResourcesBuildPhase;
			buildActionMask = 2147483647;
			files = (
				00BC8CAE2CD4C77600AD64B0 /* Preview Assets.xcassets in Resources */,
				00BC8CAB2CD4C77600AD64B0 /* Assets.xcassets in Resources */,
			);
			runOnlyForDeploymentPostprocessing = 0;
		};
		00BC8CB12CD4C77600AD64B0 /* Resources */ = {
			isa = PBXResourcesBuildPhase;
			buildActionMask = 2147483647;
			files = (
			);
			runOnlyForDeploymentPostprocessing = 0;
		};
		00BC8CBB2CD4C77600AD64B0 /* Resources */ = {
			isa = PBXResourcesBuildPhase;
			buildActionMask = 2147483647;
			files = (
			);
			runOnlyForDeploymentPostprocessing = 0;
		};
/* End PBXResourcesBuildPhase section */

/* Begin PBXSourcesBuildPhase section */
		00BC8C9F2CD4C77200AD64B0 /* Sources */ = {
			isa = PBXSourcesBuildPhase;
			buildActionMask = 2147483647;
			files = (
				00BC8CA92CD4C77200AD64B0 /* ContentView.swift in Sources */,
				00BC8CD12CD4C88400AD64B0 /* HQRecordManager.swift in Sources */,
				00BC8CD32CD4C99100AD64B0 /* HQFileManager.swift in Sources */,
				00BC8CA72CD4C77200AD64B0 /* HQRecordManagerApp.swift in Sources */,
			);
			runOnlyForDeploymentPostprocessing = 0;
		};
		00BC8CAF2CD4C77600AD64B0 /* Sources */ = {
			isa = PBXSourcesBuildPhase;
			buildActionMask = 2147483647;
			files = (
				00BC8CB82CD4C77600AD64B0 /* HQRecordManagerTests.swift in Sources */,
			);
			runOnlyForDeploymentPostprocessing = 0;
		};
		00BC8CB92CD4C77600AD64B0 /* Sources */ = {
			isa = PBXSourcesBuildPhase;
			buildActionMask = 2147483647;
			files = (
				00BC8CC42CD4C77600AD64B0 /* HQRecordManagerUITestsLaunchTests.swift in Sources */,
				00BC8CC22CD4C77600AD64B0 /* HQRecordManagerUITests.swift in Sources */,
			);
			runOnlyForDeploymentPostprocessing = 0;
		};
/* End PBXSourcesBuildPhase section */

/* Begin PBXTargetDependency section */
		00BC8CB52CD4C77600AD64B0 /* PBXTargetDependency */ = {
			isa = PBXTargetDependency;
			target = 00BC8CA22CD4C77200AD64B0 /* HQRecordManager */;
			targetProxy = 00BC8CB42CD4C77600AD64B0 /* PBXContainerItemProxy */;
		};
		00BC8CBF2CD4C77600AD64B0 /* PBXTargetDependency */ = {
			isa = PBXTargetDependency;
			target = 00BC8CA22CD4C77200AD64B0 /* HQRecordManager */;
			targetProxy = 00BC8CBE2CD4C77600AD64B0 /* PBXContainerItemProxy */;
		};
/* End PBXTargetDependency section */

/* Begin XCBuildConfiguration section */
		00BC8CC52CD4C77600AD64B0 /* Debug */ = {
			isa = XCBuildConfiguration;
			buildSettings = {
				ALWAYS_SEARCH_USER_PATHS = NO;
				CLANG_ANALYZER_NONNULL = YES;
				CLANG_ANALYZER_NUMBER_OBJECT_CONVERSION = YES_AGGRESSIVE;
				CLANG_CXX_LANGUAGE_STANDARD = "gnu++20";
				CLANG_ENABLE_MODULES = YES;
				CLANG_ENABLE_OBJC_ARC = YES;
				CLANG_ENABLE_OBJC_WEAK = YES;
				CLANG_WARN_BLOCK_CAPTURE_AUTORELEASING = YES;
				CLANG_WARN_BOOL_CONVERSION = YES;
				CLANG_WARN_COMMA = YES;
				CLANG_WARN_CONSTANT_CONVERSION = YES;
				CLANG_WARN_DEPRECATED_OBJC_IMPLEMENTATIONS = YES;
				CLANG_WARN_DIRECT_OBJC_ISA_USAGE = YES_ERROR;
				CLANG_WARN_DOCUMENTATION_COMMENTS = YES;
				CLANG_WARN_EMPTY_BODY = YES;
				CLANG_WARN_ENUM_CONVERSION = YES;
				CLANG_WARN_INFINITE_RECURSION = YES;
				CLANG_WARN_INT_CONVERSION = YES;
				CLANG_WARN_NON_LITERAL_NULL_CONVERSION = YES;
				CLANG_WARN_OBJC_IMPLICIT_RETAIN_SELF = YES;
				CLANG_WARN_OBJC_LITERAL_CONVERSION = YES;
				CLANG_WARN_OBJC_ROOT_CLASS = YES_ERROR;
				CLANG_WARN_QUOTED_INCLUDE_IN_FRAMEWORK_HEADER = YES;
				CLANG_WARN_RANGE_LOOP_ANALYSIS = YES;
				CLANG_WARN_STRICT_PROTOTYPES = YES;
				CLANG_WARN_SUSPICIOUS_MOVE = YES;
				CLANG_WARN_UNGUARDED_AVAILABILITY = YES_AGGRESSIVE;
				CLANG_WARN_UNREACHABLE_CODE = YES;
				CLANG_WARN__DUPLICATE_METHOD_MATCH = YES;
				COPY_PHASE_STRIP = NO;
				DEBUG_INFORMATION_FORMAT = dwarf;
				ENABLE_STRICT_OBJC_MSGSEND = YES;
				ENABLE_TESTABILITY = YES;
				GCC_C_LANGUAGE_STANDARD = gnu11;
				GCC_DYNAMIC_NO_PIC = NO;
				GCC_NO_COMMON_BLOCKS = YES;
				GCC_OPTIMIZATION_LEVEL = 0;
				GCC_PREPROCESSOR_DEFINITIONS = (
					"DEBUG=1",
					"$(inherited)",
				);
				GCC_WARN_64_TO_32_BIT_CONVERSION = YES;
				GCC_WARN_ABOUT_RETURN_TYPE = YES_ERROR;
				GCC_WARN_UNDECLARED_SELECTOR = YES;
				GCC_WARN_UNINITIALIZED_AUTOS = YES_AGGRESSIVE;
				GCC_WARN_UNUSED_FUNCTION = YES;
				GCC_WARN_UNUSED_VARIABLE = YES;
				IPHONEOS_DEPLOYMENT_TARGET = 16.2;
				MTL_ENABLE_DEBUG_INFO = INCLUDE_SOURCE;
				MTL_FAST_MATH = YES;
				ONLY_ACTIVE_ARCH = YES;
				SDKROOT = iphoneos;
				SWIFT_ACTIVE_COMPILATION_CONDITIONS = DEBUG;
				SWIFT_OPTIMIZATION_LEVEL = "-Onone";
			};
			name = Debug;
		};
		00BC8CC62CD4C77600AD64B0 /* Release */ = {
			isa = XCBuildConfiguration;
			buildSettings = {
				ALWAYS_SEARCH_USER_PATHS = NO;
				CLANG_ANALYZER_NONNULL = YES;
				CLANG_ANALYZER_NUMBER_OBJECT_CONVERSION = YES_AGGRESSIVE;
				CLANG_CXX_LANGUAGE_STANDARD = "gnu++20";
				CLANG_ENABLE_MODULES = YES;
				CLANG_ENABLE_OBJC_ARC = YES;
				CLANG_ENABLE_OBJC_WEAK = YES;
				CLANG_WARN_BLOCK_CAPTURE_AUTORELEASING = YES;
				CLANG_WARN_BOOL_CONVERSION = YES;
				CLANG_WARN_COMMA = YES;
				CLANG_WARN_CONSTANT_CONVERSION = YES;
				CLANG_WARN_DEPRECATED_OBJC_IMPLEMENTATIONS = YES;
				CLANG_WARN_DIRECT_OBJC_ISA_USAGE = YES_ERROR;
				CLANG_WARN_DOCUMENTATION_COMMENTS = YES;
				CLANG_WARN_EMPTY_BODY = YES;
				CLANG_WARN_ENUM_CONVERSION = YES;
				CLANG_WARN_INFINITE_RECURSION = YES;
				CLANG_WARN_INT_CONVERSION = YES;
				CLANG_WARN_NON_LITERAL_NULL_CONVERSION = YES;
				CLANG_WARN_OBJC_IMPLICIT_RETAIN_SELF = YES;
				CLANG_WARN_OBJC_LITERAL_CONVERSION = YES;
				CLANG_WARN_OBJC_ROOT_CLASS = YES_ERROR;
				CLANG_WARN_QUOTED_INCLUDE_IN_FRAMEWORK_HEADER = YES;
				CLANG_WARN_RANGE_LOOP_ANALYSIS = YES;
				CLANG_WARN_STRICT_PROTOTYPES = YES;
				CLANG_WARN_SUSPICIOUS_MOVE = YES;
				CLANG_WARN_UNGUARDED_AVAILABILITY = YES_AGGRESSIVE;
				CLANG_WARN_UNREACHABLE_CODE = YES;
				CLANG_WARN__DUPLICATE_METHOD_MATCH = YES;
				COPY_PHASE_STRIP = NO;
				DEBUG_INFORMATION_FORMAT = "dwarf-with-dsym";
				ENABLE_NS_ASSERTIONS = NO;
				ENABLE_STRICT_OBJC_MSGSEND = YES;
				GCC_C_LANGUAGE_STANDARD = gnu11;
				GCC_NO_COMMON_BLOCKS = YES;
				GCC_WARN_64_TO_32_BIT_CONVERSION = YES;
				GCC_WARN_ABOUT_RETURN_TYPE = YES_ERROR;
				GCC_WARN_UNDECLARED_SELECTOR = YES;
				GCC_WARN_UNINITIALIZED_AUTOS = YES_AGGRESSIVE;
				GCC_WARN_UNUSED_FUNCTION = YES;
				GCC_WARN_UNUSED_VARIABLE = YES;
				IPHONEOS_DEPLOYMENT_TARGET = 16.2;
				MTL_ENABLE_DEBUG_INFO = NO;
				MTL_FAST_MATH = YES;
				SDKROOT = iphoneos;
				SWIFT_COMPILATION_MODE = wholemodule;
				SWIFT_OPTIMIZATION_LEVEL = "-O";
				VALIDATE_PRODUCT = YES;
			};
			name = Release;
		};
		00BC8CC82CD4C77600AD64B0 /* Debug */ = {
			isa = XCBuildConfiguration;
			buildSettings = {
				ASSETCATALOG_COMPILER_APPICON_NAME = AppIcon;
				ASSETCATALOG_COMPILER_GLOBAL_ACCENT_COLOR_NAME = AccentColor;
				CODE_SIGN_STYLE = Automatic;
				CURRENT_PROJECT_VERSION = 1;
				DEVELOPMENT_ASSET_PATHS = "\"HQRecordManager/Preview Content\"";
				DEVELOPMENT_TEAM = R4G88SVL2U;
				ENABLE_PREVIEWS = YES;
				GENERATE_INFOPLIST_FILE = YES;
				INFOPLIST_KEY_UIApplicationSceneManifest_Generation = YES;
				INFOPLIST_KEY_UIApplicationSupportsIndirectInputEvents = YES;
				INFOPLIST_KEY_UILaunchScreen_Generation = YES;
				INFOPLIST_KEY_UISupportedInterfaceOrientations_iPad = "UIInterfaceOrientationPortrait UIInterfaceOrientationPortraitUpsideDown UIInterfaceOrientationLandscapeLeft UIInterfaceOrientationLandscapeRight";
				INFOPLIST_KEY_UISupportedInterfaceOrientations_iPhone = "UIInterfaceOrientationPortrait UIInterfaceOrientationLandscapeLeft UIInterfaceOrientationLandscapeRight";
				LD_RUNPATH_SEARCH_PATHS = (
					"$(inherited)",
					"@executable_path/Frameworks",
				);
				MARKETING_VERSION = 1.0;
				PRODUCT_BUNDLE_IDENTIFIER = com.hq.HQRecordManager;
				PRODUCT_NAME = "$(TARGET_NAME)";
				SWIFT_EMIT_LOC_STRINGS = YES;
				SWIFT_VERSION = 5.0;
				TARGETED_DEVICE_FAMILY = "1,2";
			};
			name = Debug;
		};
		00BC8CC92CD4C77600AD64B0 /* Release */ = {
			isa = XCBuildConfiguration;
			buildSettings = {
				ASSETCATALOG_COMPILER_APPICON_NAME = AppIcon;
				ASSETCATALOG_COMPILER_GLOBAL_ACCENT_COLOR_NAME = AccentColor;
				CODE_SIGN_STYLE = Automatic;
				CURRENT_PROJECT_VERSION = 1;
				DEVELOPMENT_ASSET_PATHS = "\"HQRecordManager/Preview Content\"";
				DEVELOPMENT_TEAM = R4G88SVL2U;
				ENABLE_PREVIEWS = YES;
				GENERATE_INFOPLIST_FILE = YES;
				INFOPLIST_KEY_UIApplicationSceneManifest_Generation = YES;
				INFOPLIST_KEY_UIApplicationSupportsIndirectInputEvents = YES;
				INFOPLIST_KEY_UILaunchScreen_Generation = YES;
				INFOPLIST_KEY_UISupportedInterfaceOrientations_iPad = "UIInterfaceOrientationPortrait UIInterfaceOrientationPortraitUpsideDown UIInterfaceOrientationLandscapeLeft UIInterfaceOrientationLandscapeRight";
				INFOPLIST_KEY_UISupportedInterfaceOrientations_iPhone = "UIInterfaceOrientationPortrait UIInterfaceOrientationLandscapeLeft UIInterfaceOrientationLandscapeRight";
				LD_RUNPATH_SEARCH_PATHS = (
					"$(inherited)",
					"@executable_path/Frameworks",
				);
				MARKETING_VERSION = 1.0;
				PRODUCT_BUNDLE_IDENTIFIER = com.hq.HQRecordManager;
				PRODUCT_NAME = "$(TARGET_NAME)";
				SWIFT_EMIT_LOC_STRINGS = YES;
				SWIFT_VERSION = 5.0;
				TARGETED_DEVICE_FAMILY = "1,2";
			};
			name = Release;
		};
		00BC8CCB2CD4C77600AD64B0 /* Debug */ = {
			isa = XCBuildConfiguration;
			buildSettings = {
				ALWAYS_EMBED_SWIFT_STANDARD_LIBRARIES = YES;
				BUNDLE_LOADER = "$(TEST_HOST)";
				CODE_SIGN_STYLE = Automatic;
				CURRENT_PROJECT_VERSION = 1;
				DEVELOPMENT_TEAM = R4G88SVL2U;
				GENERATE_INFOPLIST_FILE = YES;
				IPHONEOS_DEPLOYMENT_TARGET = 16.2;
				MARKETING_VERSION = 1.0;
				PRODUCT_BUNDLE_IDENTIFIER = com.hq.HQRecordManagerTests;
				PRODUCT_NAME = "$(TARGET_NAME)";
				SWIFT_EMIT_LOC_STRINGS = NO;
				SWIFT_VERSION = 5.0;
				TARGETED_DEVICE_FAMILY = "1,2";
				TEST_HOST = "$(BUILT_PRODUCTS_DIR)/HQRecordManager.app/$(BUNDLE_EXECUTABLE_FOLDER_PATH)/HQRecordManager";
			};
			name = Debug;
		};
		00BC8CCC2CD4C77600AD64B0 /* Release */ = {
			isa = XCBuildConfiguration;
			buildSettings = {
				ALWAYS_EMBED_SWIFT_STANDARD_LIBRARIES = YES;
				BUNDLE_LOADER = "$(TEST_HOST)";
				CODE_SIGN_STYLE = Automatic;
				CURRENT_PROJECT_VERSION = 1;
				DEVELOPMENT_TEAM = R4G88SVL2U;
				GENERATE_INFOPLIST_FILE = YES;
				IPHONEOS_DEPLOYMENT_TARGET = 16.2;
				MARKETING_VERSION = 1.0;
				PRODUCT_BUNDLE_IDENTIFIER = com.hq.HQRecordManagerTests;
				PRODUCT_NAME = "$(TARGET_NAME)";
				SWIFT_EMIT_LOC_STRINGS = NO;
				SWIFT_VERSION = 5.0;
				TARGETED_DEVICE_FAMILY = "1,2";
				TEST_HOST = "$(BUILT_PRODUCTS_DIR)/HQRecordManager.app/$(BUNDLE_EXECUTABLE_FOLDER_PATH)/HQRecordManager";
			};
			name = Release;
		};
		00BC8CCE2CD4C77600AD64B0 /* Debug */ = {
			isa = XCBuildConfiguration;
			buildSettings = {
				ALWAYS_EMBED_SWIFT_STANDARD_LIBRARIES = YES;
				CODE_SIGN_STYLE = Automatic;
				CURRENT_PROJECT_VERSION = 1;
				DEVELOPMENT_TEAM = R4G88SVL2U;
				GENERATE_INFOPLIST_FILE = YES;
				MARKETING_VERSION = 1.0;
				PRODUCT_BUNDLE_IDENTIFIER = com.hq.HQRecordManagerUITests;
				PRODUCT_NAME = "$(TARGET_NAME)";
				SWIFT_EMIT_LOC_STRINGS = NO;
				SWIFT_VERSION = 5.0;
				TARGETED_DEVICE_FAMILY = "1,2";
				TEST_TARGET_NAME = HQRecordManager;
			};
			name = Debug;
		};
		00BC8CCF2CD4C77600AD64B0 /* Release */ = {
			isa = XCBuildConfiguration;
			buildSettings = {
				ALWAYS_EMBED_SWIFT_STANDARD_LIBRARIES = YES;
				CODE_SIGN_STYLE = Automatic;
				CURRENT_PROJECT_VERSION = 1;
				DEVELOPMENT_TEAM = R4G88SVL2U;
				GENERATE_INFOPLIST_FILE = YES;
				MARKETING_VERSION = 1.0;
				PRODUCT_BUNDLE_IDENTIFIER = com.hq.HQRecordManagerUITests;
				PRODUCT_NAME = "$(TARGET_NAME)";
				SWIFT_EMIT_LOC_STRINGS = NO;
				SWIFT_VERSION = 5.0;
				TARGETED_DEVICE_FAMILY = "1,2";
				TEST_TARGET_NAME = HQRecordManager;
			};
			name = Release;
		};
/* End XCBuildConfiguration section */

/* Begin XCConfigurationList section */
		00BC8C9E2CD4C77200AD64B0 /* Build configuration list for PBXProject "HQRecordManager" */ = {
			isa = XCConfigurationList;
			buildConfigurations = (
				00BC8CC52CD4C77600AD64B0 /* Debug */,
				00BC8CC62CD4C77600AD64B0 /* Release */,
			);
			defaultConfigurationIsVisible = 0;
			defaultConfigurationName = Release;
		};
		00BC8CC72CD4C77600AD64B0 /* Build configuration list for PBXNativeTarget "HQRecordManager" */ = {
			isa = XCConfigurationList;
			buildConfigurations = (
				00BC8CC82CD4C77600AD64B0 /* Debug */,
				00BC8CC92CD4C77600AD64B0 /* Release */,
			);
			defaultConfigurationIsVisible = 0;
			defaultConfigurationName = Release;
		};
		00BC8CCA2CD4C77600AD64B0 /* Build configuration list for PBXNativeTarget "HQRecordManagerTests" */ = {
			isa = XCConfigurationList;
			buildConfigurations = (
				00BC8CCB2CD4C77600AD64B0 /* Debug */,
				00BC8CCC2CD4C77600AD64B0 /* Release */,
			);
			defaultConfigurationIsVisible = 0;
			defaultConfigurationName = Release;
		};
		00BC8CCD2CD4C77600AD64B0 /* Build configuration list for PBXNativeTarget "HQRecordManagerUITests" */ = {
			isa = XCConfigurationList;
			buildConfigurations = (
				00BC8CCE2CD4C77600AD64B0 /* Debug */,
				00BC8CCF2CD4C77600AD64B0 /* Release */,
			);
			defaultConfigurationIsVisible = 0;
			defaultConfigurationName = Release;
		};
/* End XCConfigurationList section */
	};
	rootObject = 00BC8C9B2CD4C77200AD64B0 /* Project object */;
}
